<?xml version="1.0" encoding="utf-8"?>
<Project ToolsVersion="4.0" xmlns="http://schemas.microsoft.com/developer/msbuild/2003">
  <ItemGroup>
    <Filter Include="Fichiers sources">
      <UniqueIdentifier>{4FC737F1-C7A5-4376-A066-2A32D752A2FF}</UniqueIdentifier>
      <Extensions>cpp;c;cc;cxx;c++;cppm;ixx;def;odl;idl;hpj;bat;asm;asmx</Extensions>
    </Filter>
    <Filter Include="Fichiers d%27en-tête">
      <UniqueIdentifier>{93995380-89BD-4b04-88EB-625FBE52EBFB}</UniqueIdentifier>
      <Extensions>h;hh;hpp;hxx;h++;hm;inl;inc;ipp;xsd</Extensions>
    </Filter>
    <Filter Include="Fichiers de ressources">
      <UniqueIdentifier>{67DA6AB6-F800-4c08-8B7A-83BB121AAD01}</UniqueIdentifier>
      <Extensions>rc;ico;cur;bmp;dlg;rc2;rct;bin;rgs;gif;jpg;jpeg;jpe;resx;tiff;tif;png;wav;mfcribbon-ms</Extensions>
    </Filter>
    <Filter Include="Fichiers sources\Views">
      <UniqueIdentifier>{d83a9923-0c9e-4632-974a-c5db84346019}</UniqueIdentifier>
    </Filter>
    <Filter Include="Fichiers sources\Models">
      <UniqueIdentifier>{1e55f46c-9efe-40ca-af4a-6a3bd7adea6a}</UniqueIdentifier>
    </Filter>
    <Filter Include="Fichiers sources\Controllers">
      <UniqueIdentifier>{c0f9c321-8717-45fa-80ad-3357dbbb6db0}</UniqueIdentifier>
    </Filter>
    <Filter Include="Fichiers sources\Utils">
      <UniqueIdentifier>{fa556445-64da-4ef4-be28-f8ba08377d46}</UniqueIdentifier>
    </Filter>
  </ItemGroup>
  <ItemGroup>
    <ClCompile Include="MENnette.cpp">
      <Filter>Fichiers sources</Filter>
    </ClCompile>
    <ClCompile Include="MainMenuController.cpp">
      <Filter>Fichiers sources\Controllers</Filter>
    </ClCompile>
    <ClCompile Include="MainMenuModel.cpp">
      <Filter>Fichiers sources\Models</Filter>
    </ClCompile>
    <ClCompile Include="MainMenuView.cpp">
      <Filter>Fichiers sources\Views</Filter>
    </ClCompile>
    <ClCompile Include="GameController.cpp">
      <Filter>Fichiers sources\Controllers</Filter>
    </ClCompile>
    <ClCompile Include="GameView.cpp">
      <Filter>Fichiers sources\Views</Filter>
    </ClCompile>
    <ClCompile Include="SnakeMazeController.cpp">
      <Filter>Fichiers sources\Controllers</Filter>
    </ClCompile>
    <ClCompile Include="SnakeMazeModel.cpp">
      <Filter>Fichiers sources\Models</Filter>
    </ClCompile>
    <ClCompile Include="SnakeMazeView.cpp">
      <Filter>Fichiers sources\Views</Filter>
    </ClCompile>
    <ClCompile Include="SimonSaysController.cpp">
      <Filter>Fichiers sources\Controllers</Filter>
    </ClCompile>
    <ClCompile Include="SimonSaysModel.cpp">
      <Filter>Fichiers sources\Models</Filter>
    </ClCompile>
    <ClCompile Include="SimonSaysView.cpp">
      <Filter>Fichiers sources\Views</Filter>
    </ClCompile>
    <ClCompile Include="ShakeItController.cpp">
      <Filter>Fichiers sources\Controllers</Filter>
    </ClCompile>
    <ClCompile Include="ShakeItModel.cpp">
      <Filter>Fichiers sources\Models</Filter>
    </ClCompile>
    <ClCompile Include="ShakeItView.cpp">
      <Filter>Fichiers sources\Views</Filter>
    </ClCompile>
    <ClCompile Include="ThreadCutterController.cpp">
      <Filter>Fichiers sources\Controllers</Filter>
    </ClCompile>
    <ClCompile Include="ThreadCutterModel.cpp">
      <Filter>Fichiers sources\Models</Filter>
    </ClCompile>
    <ClCompile Include="ThreadCutterView.cpp">
      <Filter>Fichiers sources\Views</Filter>
    </ClCompile>
    <ClCompile Include="Clock.cpp">
      <Filter>Fichiers sources\Utils</Filter>
    </ClCompile>
    <ClCompile Include="Communication.cpp">
      <Filter>Fichiers sources\Utils</Filter>
    </ClCompile>
    <ClCompile Include="Color.h">
      <Filter>Fichiers sources\Utils</Filter>
    </ClCompile>
    <ClCompile Include="PotentiometreALL.cpp">
      <Filter>Fichiers sources\Utils</Filter>
    </ClCompile>
  </ItemGroup>
  <ItemGroup>
    <Text Include="Information.txt" />
  </ItemGroup>
  <ItemGroup>
    <ClInclude Include="GameModel.h">
      <Filter>Fichiers sources\Models</Filter>
    </ClInclude>
    <ClInclude Include="SnakeMazeModel.h">
      <Filter>Fichiers sources\Models</Filter>
    </ClInclude>
    <ClInclude Include="SnakeMazeController.h">
      <Filter>Fichiers sources\Controllers</Filter>
    </ClInclude>
    <ClInclude Include="SnakeMazeView.h">
      <Filter>Fichiers sources\Views</Filter>
    </ClInclude>
    <ClInclude Include="MainMenuModel.h">
      <Filter>Fichiers sources\Models</Filter>
    </ClInclude>
    <ClInclude Include="MainMenuView.h">
      <Filter>Fichiers sources\Views</Filter>
    </ClInclude>
    <ClInclude Include="MainMenuController.h">
      <Filter>Fichiers sources\Controllers</Filter>
    </ClInclude>
    <ClInclude Include="ShakeItModel.h">
      <Filter>Fichiers sources\Models</Filter>
    </ClInclude>
    <ClInclude Include="ShakeItView.h">
      <Filter>Fichiers sources\Views</Filter>
    </ClInclude>
    <ClInclude Include="ShakeItController.h">
      <Filter>Fichiers sources\Controllers</Filter>
    </ClInclude>
    <ClInclude Include="ThreadCutterController.h">
      <Filter>Fichiers sources\Controllers</Filter>
    </ClInclude>
    <ClInclude Include="ThreadCutterModel.h">
      <Filter>Fichiers sources\Models</Filter>
    </ClInclude>
    <ClInclude Include="ThreadCutterView.h">
      <Filter>Fichiers sources\Views</Filter>
    </ClInclude>
    <ClInclude Include="SimonSaysModel.h">
      <Filter>Fichiers sources\Models</Filter>
    </ClInclude>
    <ClInclude Include="SimonSaysController.h">
      <Filter>Fichiers sources\Controllers</Filter>
    </ClInclude>
    <ClInclude Include="SimonSaysView.h">
      <Filter>Fichiers sources\Views</Filter>
    </ClInclude>
    <ClInclude Include="common.hpp">
      <Filter>Fichiers d%27en-tête</Filter>
    </ClInclude>
    <ClInclude Include="SerialPort.h">
      <Filter>Fichiers sources\Utils</Filter>
    </ClInclude>
    <ClInclude Include="Communication.h">
      <Filter>Fichiers sources\Utils</Filter>
    </ClInclude>
  </ItemGroup>
</Project>